
Microsoft Visual Studio Solution File, Format Version 12.00
# Visual Studio 15
VisualStudioVersion = 15.0.28010.2019
MinimumVisualStudioVersion = 10.0.40219.1
Project("{FAE04EC0-301F-11D3-BF4B-00C04F79EFBC}") = "XO", "XO\XO.csproj", "{16463F43-78ED-4710-9F0C-A13058B98F32}"
EndProject
Global
	GlobalSection(SolutionConfigurationPlatforms) = preSolution
		Debug|Any CPU = Debug|Any CPU
		Release|Any CPU = Release|Any CPU
	EndGlobalSection
	GlobalSection(ProjectConfigurationPlatforms) = postSolution
		{16463F43-78ED-4710-9F0C-A13058B98F32}.Debug|Any CPU.ActiveCfg = Debug|Any CPU
		{16463F43-78ED-4710-9F0C-A13058B98F32}.Debug|Any CPU.Build.0 = Debug|Any CPU
		{16463F43-78ED-4710-9F0C-A13058B98F32}.Release|Any CPU.ActiveCfg = Release|Any CPU
		{16463F43-78ED-4710-9F0C-A13058B98F32}.Release|Any CPU.Build.0 = Release|Any CPU
	EndGlobalSection
	GlobalSection(SolutionProperties) = preSolution
		HideSolutionNode = FALSE
	EndGlobalSection
	GlobalSection(ExtensibilityGlobals) = postSolution
		SolutionGuid = {AF45BBCA-BFB8-4A56-8AB5-5728B442A0E5}
	EndGlobalSection
EndGlobal
