
Microsoft Visual Studio Solution File, Format Version 12.00
# Visual Studio 15
VisualStudioVersion = 15.0.27428.2037
MinimumVisualStudioVersion = 10.0.40219.1
Project("{FAE04EC0-301F-11D3-BF4B-00C04F79EFBC}") = "OxregisterV2", "OxregisterV2\OxregisterV2.csproj", "{C4C6D474-6501-48A4-AB1B-B1BE47F1D57C}"
EndProject
Global
	GlobalSection(SolutionConfigurationPlatforms) = preSolution
		Debug|Any CPU = Debug|Any CPU
		Release|Any CPU = Release|Any CPU
	EndGlobalSection
	GlobalSection(ProjectConfigurationPlatforms) = postSolution
		{C4C6D474-6501-48A4-AB1B-B1BE47F1D57C}.Debug|Any CPU.ActiveCfg = Debug|Any CPU
		{C4C6D474-6501-48A4-AB1B-B1BE47F1D57C}.Debug|Any CPU.Build.0 = Debug|Any CPU
		{C4C6D474-6501-48A4-AB1B-B1BE47F1D57C}.Release|Any CPU.ActiveCfg = Release|Any CPU
		{C4C6D474-6501-48A4-AB1B-B1BE47F1D57C}.Release|Any CPU.Build.0 = Release|Any CPU
	EndGlobalSection
	GlobalSection(SolutionProperties) = preSolution
		HideSolutionNode = FALSE
	EndGlobalSection
	GlobalSection(ExtensibilityGlobals) = postSolution
		SolutionGuid = {77DF3F08-3153-4363-B30C-04380CFEAF1E}
	EndGlobalSection
EndGlobal
